<Solution>
  <Folder Name="/Solution Items/">
    <File Path=".gitignore" />
    <File Path="Directory.Build.props" />
    <File Path="docs/agentic-setup.md" />
    <File Path="version.json" />
  </Folder>
  <Folder Name="/tamples/">
    <Project Path="samples/ABSTokenServiceClient/ABSTokenServiceClient.csproj" />
    <Project Path="samples/AgenticTokens/AgenticTokens.csproj" />
  </Folder>
  <Folder Name="/UnitTests/">
    <Project Path="test/Rido.BFLite.Core.Tests/Rido.BFLite.Core.Tests.csproj" Id="deb30ad4-8247-4b80-b764-b8409e7dde31" />
    <Project Path="test/Rido.BFLite.Teams.Tests/Rido.BFLite.Teams.Tests.csproj" />
  </Folder>
  <Project Path="samples/Samples.AllInOne/Samples.AllInOne.csproj" Id="0ab36d07-9583-4040-abac-c7f2c29e5446" />
  <Project Path="samples/Samples.BotEcho/Samples.EchoBot.csproj" />
  <Project Path="samples/Samples.Compat/Samples.Compat.csproj" Id="ca1d3c5a-7b7b-4a48-ac52-e71904b381ae" />
  <Project Path="samples/Samples.Middleware/Samples.Middleware.csproj" Id="0cdaa541-71db-4166-908d-9824ed8f8fc1" />
  <Project Path="samples/Samples.MultiHosting/Samples.MultiHosting.csproj" Id="ec6f1134-6da6-44d8-b46b-bb9dd8a60789">
    <Build Solution="Debug|*" Project="false" />
  </Project>
  <Project Path="samples/Samples.OAuthBot/Samples.OAuthBot.csproj" Id="48d21d01-db75-4705-8fd7-7e86b6e18b90" />
  <Project Path="src/Rido.BFLite.Compat.Adapter/Rido.BFLite.Compat.Adapter.csproj" Id="7921bb5b-f78e-4414-9669-8538f6dbda85" />
  <Project Path="src/Rido.BFLite.Compat/Rido.BFLite.Compat.csproj" Id="3ebdfbed-0571-46f4-ad8c-4f0249d32f5e" />
  <Project Path="src/Rido.BFLite.Core/Rido.BFLite.Core.csproj" />
  <Project Path="src/Rido.BFLite.Teams/Rido.BFLite.Teams.csproj" />
</Solution>
